core:changelogs:
  - content: "---\npackages:\n  npm:@takumi-rs/helpers:\n    type: minor\n---\n\n### Shrink and sharpen the Google Fonts family type\n\nGroup the ~1940 families by their distinct weight/style/axis shape (152 of them) so\n`GoogleFontFamily` builds a discriminated union over shapes, not families. The shipped\n`.d.ts` drops from ~192 KB to ~58 KB and the checker does ~75% fewer instantiations. The\nobject form now autocompletes each known family's weight, style, and axes, and still accepts\na name built at runtime. The generator refuses to write a catalog with under 1000 families.\n"
    filename: font-catalog-shape-union.md
    v: 0.0.0
core:packages:
  - id: npm:takumi
    updated: false
  - id: npm:@takumi-rs/wasm
    updated: true
  - changelogIds:
      - font-catalog-shape-union.md
    id: npm:@takumi-rs/helpers
    updated: true
  - id: npm:@takumi-rs/image-response
    updated: true
  - id: npm:takumi-js
    updated: true
  - id: npm:takumi-template
    updated: false
  - id: npm:docs
    updated: false
  - id: npm:@takumi-rs/core
    updated: true
  - id: npm:example-twitter-images
    updated: false
  - id: npm:example-tanstack-start
    updated: false
  - id: npm:example-satori-html
    updated: false
  - id: npm:example-nextjs
    updated: false
  - id: npm:svelte
    updated: false
  - id: npm:example-css-library-integration
    updated: false
  - id: npm:ffplay
    updated: false
  - id: npm:waku-ssr
    updated: false
  - id: npm:ffmpeg-keyframe-animation
    updated: false
  - id: npm:example-cloudflare-workers
    updated: false
  - id: cargo:takumi-html
    updated: false
  - id: cargo:takumi-raster
    updated: false
  - id: cargo:takumi-svg
    updated: false
  - id: cargo:takumi
    updated: true
  - id: cargo:takumi-core
    updated: false
npm:packages:
  - id: npm:takumi
  - distTag: rc
    id: npm:@takumi-rs/wasm
  - distTag: rc
    id: npm:@takumi-rs/helpers
  - distTag: rc
    id: npm:@takumi-rs/image-response
  - distTag: rc
    id: npm:takumi-js
  - id: npm:takumi-template
  - id: npm:docs
  - distTag: rc
    id: npm:@takumi-rs/core
  - id: npm:example-twitter-images
  - id: npm:example-tanstack-start
  - id: npm:example-satori-html
  - id: npm:example-nextjs
  - id: npm:svelte
  - id: npm:example-css-library-integration
  - id: npm:ffplay
  - id: npm:waku-ssr
  - id: npm:ffmpeg-keyframe-animation
  - id: npm:example-cloudflare-workers
